
Microsoft Visual Studio Solution File, Format Version 12.00
# Visual Studio Version 17
VisualStudioVersion = 17.11.35327.3
MinimumVisualStudioVersion = 10.0.40219.1
Project("{FAE04EC0-301F-11D3-BF4B-00C04F79EFBC}") = "WarriorAndMageProject", "WarriorAndMageProject.csproj", "{0EF648AE-122A-42BC-A9B8-269EA5D936DE}"
EndProject
Global
	GlobalSection(SolutionConfigurationPlatforms) = preSolution
		Debug|Any CPU = Debug|Any CPU
		Release|Any CPU = Release|Any CPU
	EndGlobalSection
	GlobalSection(ProjectConfigurationPlatforms) = postSolution
		{0EF648AE-122A-42BC-A9B8-269EA5D936DE}.Debug|Any CPU.ActiveCfg = Debug|Any CPU
		{0EF648AE-122A-42BC-A9B8-269EA5D936DE}.Debug|Any CPU.Build.0 = Debug|Any CPU
		{0EF648AE-122A-42BC-A9B8-269EA5D936DE}.Release|Any CPU.ActiveCfg = Release|Any CPU
		{0EF648AE-122A-42BC-A9B8-269EA5D936DE}.Release|Any CPU.Build.0 = Release|Any CPU
	EndGlobalSection
	GlobalSection(SolutionProperties) = preSolution
		HideSolutionNode = FALSE
	EndGlobalSection
	GlobalSection(ExtensibilityGlobals) = postSolution
		SolutionGuid = {BDC14E29-E8DC-412E-93AA-0E4F5FACC52D}
	EndGlobalSection
EndGlobal
